
Microsoft Visual Studio Solution File, Format Version 12.00
# Visual Studio Version 16
VisualStudioVersion = 16.0.31624.102
MinimumVisualStudioVersion = 10.0.40219.1
Project("{2150E333-8FDC-42A3-9474-1A3956D46DE8}") = "PAT乙级", "PAT乙级", "{C403784C-2BD3-402A-BD32-75714764FC6C}"
EndProject
Project("{8BC9CEB8-8B4A-11D0-8D11-00A0C91BC942}") = "PAT1003", "PAT1003\PAT1003.vcxproj", "{C07DD9CF-B789-4D31-B96E-0C68DAE45C45}"
EndProject
Project("{8BC9CEB8-8B4A-11D0-8D11-00A0C91BC942}") = "PAT1004(AC)", "PAT1004\PAT1004.vcxproj", "{D5E5B079-C7A0-4247-BE88-AD2C0BC146CD}"
EndProject
Project("{8BC9CEB8-8B4A-11D0-8D11-00A0C91BC942}") = "PAT1002(AC)", "PAT1002\PAT1002.vcxproj", "{6A7210A1-BBC1-4AFA-BF7D-3E427F47D5C6}"
EndProject
Project("{8BC9CEB8-8B4A-11D0-8D11-00A0C91BC942}") = "PAT1001(AC)", "PAT1001(1001)\PAT1001(1001).vcxproj", "{1D322A1F-AC56-40EE-A0BA-E3A2DB3452FE}"
EndProject
Project("{8BC9CEB8-8B4A-11D0-8D11-00A0C91BC942}") = "PAT1005", "PAT1005\PAT1005.vcxproj", "{33B65FA0-5D3C-40C7-9C96-DEAB19AD35A4}"
EndProject
Project("{8BC9CEB8-8B4A-11D0-8D11-00A0C91BC942}") = "PAT1006", "PAT10056\PAT10056.vcxproj", "{79094BDA-6811-4E53-8F4A-3ACF157BCA28}"
EndProject
Project("{2150E333-8FDC-42A3-9474-1A3956D46DE8}") = "数据结构", "数据结构", "{5FDB2BFD-D010-4FF9-8F67-EE13CC71BF1F}"
EndProject
Project("{8BC9CEB8-8B4A-11D0-8D11-00A0C91BC942}") = "List", "List\List.vcxproj", "{5A499201-8F16-48CA-AA1E-28294BCE1059}"
EndProject
Project("{2150E333-8FDC-42A3-9474-1A3956D46DE8}") = "查找", "查找", "{940B2D70-004C-47E0-8167-4BC011543EDC}"
EndProject
Project("{8BC9CEB8-8B4A-11D0-8D11-00A0C91BC942}") = "InterpolationSearch", "InterpolationSearch\InterpolationSearch.vcxproj", "{D2CBCA26-F539-4A19-A407-DE4D2B7F6166}"
EndProject
Project("{8BC9CEB8-8B4A-11D0-8D11-00A0C91BC942}") = "BinarySearch", "BinSearch\BinSearch.vcxproj", "{2154274C-F488-4701-8EDC-5BC6DF018B25}"
EndProject
Project("{8BC9CEB8-8B4A-11D0-8D11-00A0C91BC942}") = "Fib", "Fib\Fib.vcxproj", "{7E4193B5-F8C9-4CB0-9F01-4F45F27A1E5C}"
EndProject
Project("{8BC9CEB8-8B4A-11D0-8D11-00A0C91BC942}") = "FibonacciSearch", "FibonacciSearch\FibonacciSearch.vcxproj", "{A652E616-2F9C-489B-816D-50F21590ECC0}"
EndProject
Project("{2150E333-8FDC-42A3-9474-1A3956D46DE8}") = "排序", "排序", "{68752234-D4C5-4488-B18D-D68E5901AD71}"
EndProject
Project("{8BC9CEB8-8B4A-11D0-8D11-00A0C91BC942}") = "bubbleSort", "bubbleSort\bubbleSort.vcxproj", "{63611D97-907E-48BF-BF54-B0C8BA9E384E}"
EndProject
Project("{8BC9CEB8-8B4A-11D0-8D11-00A0C91BC942}") = "mergeSort", "mergeSort\mergeSort.vcxproj", "{8C67A844-8B66-4885-AB48-4914BC7328B8}"
EndProject
Project("{8BC9CEB8-8B4A-11D0-8D11-00A0C91BC942}") = "BitMap", "BitMap\BitMap.vcxproj", "{FE4A550C-9820-4FBF-973E-6673A0D88643}"
EndProject
Project("{2150E333-8FDC-42A3-9474-1A3956D46DE8}") = "素数Eratosthenes筛法", "素数Eratosthenes筛法", "{58CCE957-D480-471D-A342-DCD1A4EDC245}"
EndProject
Project("{8BC9CEB8-8B4A-11D0-8D11-00A0C91BC942}") = "Eratosthenes", "Eratosthenes\Eratosthenes.vcxproj", "{F82841CA-1C0F-4F26-8E2C-7E4C8A90881D}"
EndProject
Project("{2150E333-8FDC-42A3-9474-1A3956D46DE8}") = "tsinghua test", "tsinghua test", "{F7F776D2-008F-43F7-8A43-ACE597B13025}"
EndProject
Project("{8BC9CEB8-8B4A-11D0-8D11-00A0C91BC942}") = "rangeSearch", "rangeSearch\rangeSearch.vcxproj", "{92FCC8FD-94E3-477D-B52F-FEC46F356FE3}"
EndProject
Project("{8BC9CEB8-8B4A-11D0-8D11-00A0C91BC942}") = "Zuma", "zuma\zuma.vcxproj", "{EE9015C2-7D11-4F62-A943-5502D5E4F799}"
EndProject
Project("{8BC9CEB8-8B4A-11D0-8D11-00A0C91BC942}") = "Stack", "stack\stack.vcxproj", "{DFE5DA05-8675-4DC4-9075-004FBC92C85B}"
EndProject
Project("{2150E333-8FDC-42A3-9474-1A3956D46DE8}") = "数据结构与算法分析习题", "数据结构与算法分析习题", "{7B584487-8E0A-4550-8A47-3C208E525901}"
EndProject
Project("{8BC9CEB8-8B4A-11D0-8D11-00A0C91BC942}") = "3.1", "Project1\Project1.vcxproj", "{50104F13-E5A5-453C-8F5A-D610C7A2E9D3}"
EndProject
Project("{8BC9CEB8-8B4A-11D0-8D11-00A0C91BC942}") = "3.2", "3.2\3.2.vcxproj", "{9A2AA7E9-2004-481E-8506-B86CBF3208EC}"
EndProject
Project("{8BC9CEB8-8B4A-11D0-8D11-00A0C91BC942}") = "3.3", "3.3\3.3.vcxproj", "{95E5EAE9-675C-45E9-815E-B962EFC68445}"
EndProject
Project("{8BC9CEB8-8B4A-11D0-8D11-00A0C91BC942}") = "3.4", "3.4\3.4.vcxproj", "{147C55F9-6564-4214-AAF0-1EA56AA524CB}"
EndProject
Project("{8BC9CEB8-8B4A-11D0-8D11-00A0C91BC942}") = "3.5", "3.5\3.5.vcxproj", "{5637BB0D-8E16-4570-9FCD-985B0030808D}"
EndProject
Project("{8BC9CEB8-8B4A-11D0-8D11-00A0C91BC942}") = "3.6", "Project2\Project2.vcxproj", "{47DD9AE1-8A05-454E-BA7B-3CEAB69B6258}"
EndProject
Project("{8BC9CEB8-8B4A-11D0-8D11-00A0C91BC942}") = "3.7", "Project3\Project3.vcxproj", "{DE8C9F07-E15A-4BBF-B5F1-529373C6B904}"
EndProject
Project("{8BC9CEB8-8B4A-11D0-8D11-00A0C91BC942}") = "3.8", "3.8\3.8.vcxproj", "{977EDD3E-67C1-47AB-BD20-1D561A4E0643}"
EndProject
Project("{8BC9CEB8-8B4A-11D0-8D11-00A0C91BC942}") = "Graph", "Graph\Graph.vcxproj", "{76FFD2A7-D5F9-4524-9682-20EBAFA7805F}"
EndProject
Project("{8BC9CEB8-8B4A-11D0-8D11-00A0C91BC942}") = "Queue", "Queue\Queue.vcxproj", "{D89A7A93-D0AA-4076-B572-6BA063AF9414}"
EndProject
Project("{8BC9CEB8-8B4A-11D0-8D11-00A0C91BC942}") = "BinTree", "BinTree\BinTree.vcxproj", "{E5CD8DBC-5C5F-439A-8394-624A74A3D71D}"
EndProject
Project("{8BC9CEB8-8B4A-11D0-8D11-00A0C91BC942}") = "PQ", "PQ\PQ.vcxproj", "{10B32E69-B776-41B1-BB58-C626FD4C884A}"
EndProject
Project("{8BC9CEB8-8B4A-11D0-8D11-00A0C91BC942}") = "3.9", "3.9\3.9.vcxproj", "{2CAA6CEC-C918-4D7B-A72C-D527A3889B32}"
EndProject
Project("{8BC9CEB8-8B4A-11D0-8D11-00A0C91BC942}") = "3.10", "3.10\3.10.vcxproj", "{9317C06B-8006-4F13-9285-5681172BD6B0}"
EndProject
Project("{8BC9CEB8-8B4A-11D0-8D11-00A0C91BC942}") = "Release", "Release\Release.vcxproj", "{A67DF650-4229-4B29-8136-D02CD607B64E}"
EndProject
Project("{8BC9CEB8-8B4A-11D0-8D11-00A0C91BC942}") = "3.11", "3.11\3.11.vcxproj", "{95DB506B-77BD-4987-9D9D-F3D3163F4418}"
EndProject
Project("{8BC9CEB8-8B4A-11D0-8D11-00A0C91BC942}") = "Huffman", "Huffman\Huffman.vcxproj", "{B42A03B5-9E67-4459-9E2C-1BC7930AD902}"
EndProject
Project("{8BC9CEB8-8B4A-11D0-8D11-00A0C91BC942}") = "3.13", "3.13\3.13.vcxproj", "{66F1B82E-B22A-4001-9A8E-1D9889F1CDF9}"
EndProject
Project("{8BC9CEB8-8B4A-11D0-8D11-00A0C91BC942}") = "3.14", "3.14\3.14.vcxproj", "{0CC74E0B-A226-4030-9ADA-57C164F5C31A}"
EndProject
Project("{8BC9CEB8-8B4A-11D0-8D11-00A0C91BC942}") = "3.15", "3.15\3.15.vcxproj", "{0777AA1B-93E1-4080-AF0A-C5EC4E5438D6}"
EndProject
Project("{8BC9CEB8-8B4A-11D0-8D11-00A0C91BC942}") = "3.16", "3.16\3.16.vcxproj", "{DFB58DB8-C908-4588-9EA9-6948E3883BF9}"
EndProject
Project("{8BC9CEB8-8B4A-11D0-8D11-00A0C91BC942}") = "3.18", "3.18\3.18.vcxproj", "{622D4A43-C010-4C17-AB7F-958237F1F3DF}"
EndProject
Project("{8BC9CEB8-8B4A-11D0-8D11-00A0C91BC942}") = "3.19", "3.19\3.19.vcxproj", "{B60AC567-3B68-423E-8EBD-CA8A664371F3}"
EndProject
Project("{8BC9CEB8-8B4A-11D0-8D11-00A0C91BC942}") = "3.22", "3.22\3.22.vcxproj", "{2FAA3B32-B328-49F2-AA6B-4BD1DED6637D}"
EndProject
Global
	GlobalSection(SolutionConfigurationPlatforms) = preSolution
		Debug|x64 = Debug|x64
		Debug|x86 = Debug|x86
		Release|x64 = Release|x64
		Release|x86 = Release|x86
	EndGlobalSection
	GlobalSection(ProjectConfigurationPlatforms) = postSolution
		{C07DD9CF-B789-4D31-B96E-0C68DAE45C45}.Debug|x64.ActiveCfg = Debug|x64
		{C07DD9CF-B789-4D31-B96E-0C68DAE45C45}.Debug|x64.Build.0 = Debug|x64
		{C07DD9CF-B789-4D31-B96E-0C68DAE45C45}.Debug|x86.ActiveCfg = Debug|Win32
		{C07DD9CF-B789-4D31-B96E-0C68DAE45C45}.Debug|x86.Build.0 = Debug|Win32
		{C07DD9CF-B789-4D31-B96E-0C68DAE45C45}.Release|x64.ActiveCfg = Release|x64
		{C07DD9CF-B789-4D31-B96E-0C68DAE45C45}.Release|x64.Build.0 = Release|x64
		{C07DD9CF-B789-4D31-B96E-0C68DAE45C45}.Release|x86.ActiveCfg = Release|Win32
		{C07DD9CF-B789-4D31-B96E-0C68DAE45C45}.Release|x86.Build.0 = Release|Win32
		{D5E5B079-C7A0-4247-BE88-AD2C0BC146CD}.Debug|x64.ActiveCfg = Debug|x64
		{D5E5B079-C7A0-4247-BE88-AD2C0BC146CD}.Debug|x64.Build.0 = Debug|x64
		{D5E5B079-C7A0-4247-BE88-AD2C0BC146CD}.Debug|x86.ActiveCfg = Debug|Win32
		{D5E5B079-C7A0-4247-BE88-AD2C0BC146CD}.Debug|x86.Build.0 = Debug|Win32
		{D5E5B079-C7A0-4247-BE88-AD2C0BC146CD}.Release|x64.ActiveCfg = Release|x64
		{D5E5B079-C7A0-4247-BE88-AD2C0BC146CD}.Release|x64.Build.0 = Release|x64
		{D5E5B079-C7A0-4247-BE88-AD2C0BC146CD}.Release|x86.ActiveCfg = Release|Win32
		{D5E5B079-C7A0-4247-BE88-AD2C0BC146CD}.Release|x86.Build.0 = Release|Win32
		{6A7210A1-BBC1-4AFA-BF7D-3E427F47D5C6}.Debug|x64.ActiveCfg = Debug|x64
		{6A7210A1-BBC1-4AFA-BF7D-3E427F47D5C6}.Debug|x64.Build.0 = Debug|x64
		{6A7210A1-BBC1-4AFA-BF7D-3E427F47D5C6}.Debug|x86.ActiveCfg = Debug|Win32
		{6A7210A1-BBC1-4AFA-BF7D-3E427F47D5C6}.Debug|x86.Build.0 = Debug|Win32
		{6A7210A1-BBC1-4AFA-BF7D-3E427F47D5C6}.Release|x64.ActiveCfg = Release|x64
		{6A7210A1-BBC1-4AFA-BF7D-3E427F47D5C6}.Release|x64.Build.0 = Release|x64
		{6A7210A1-BBC1-4AFA-BF7D-3E427F47D5C6}.Release|x86.ActiveCfg = Release|Win32
		{6A7210A1-BBC1-4AFA-BF7D-3E427F47D5C6}.Release|x86.Build.0 = Release|Win32
		{1D322A1F-AC56-40EE-A0BA-E3A2DB3452FE}.Debug|x64.ActiveCfg = Debug|x64
		{1D322A1F-AC56-40EE-A0BA-E3A2DB3452FE}.Debug|x64.Build.0 = Debug|x64
		{1D322A1F-AC56-40EE-A0BA-E3A2DB3452FE}.Debug|x86.ActiveCfg = Debug|Win32
		{1D322A1F-AC56-40EE-A0BA-E3A2DB3452FE}.Debug|x86.Build.0 = Debug|Win32
		{1D322A1F-AC56-40EE-A0BA-E3A2DB3452FE}.Release|x64.ActiveCfg = Release|x64
		{1D322A1F-AC56-40EE-A0BA-E3A2DB3452FE}.Release|x64.Build.0 = Release|x64
		{1D322A1F-AC56-40EE-A0BA-E3A2DB3452FE}.Release|x86.ActiveCfg = Release|Win32
		{1D322A1F-AC56-40EE-A0BA-E3A2DB3452FE}.Release|x86.Build.0 = Release|Win32
		{33B65FA0-5D3C-40C7-9C96-DEAB19AD35A4}.Debug|x64.ActiveCfg = Debug|x64
		{33B65FA0-5D3C-40C7-9C96-DEAB19AD35A4}.Debug|x64.Build.0 = Debug|x64
		{33B65FA0-5D3C-40C7-9C96-DEAB19AD35A4}.Debug|x86.ActiveCfg = Debug|Win32
		{33B65FA0-5D3C-40C7-9C96-DEAB19AD35A4}.Debug|x86.Build.0 = Debug|Win32
		{33B65FA0-5D3C-40C7-9C96-DEAB19AD35A4}.Release|x64.ActiveCfg = Release|x64
		{33B65FA0-5D3C-40C7-9C96-DEAB19AD35A4}.Release|x64.Build.0 = Release|x64
		{33B65FA0-5D3C-40C7-9C96-DEAB19AD35A4}.Release|x86.ActiveCfg = Release|Win32
		{33B65FA0-5D3C-40C7-9C96-DEAB19AD35A4}.Release|x86.Build.0 = Release|Win32
		{79094BDA-6811-4E53-8F4A-3ACF157BCA28}.Debug|x64.ActiveCfg = Debug|x64
		{79094BDA-6811-4E53-8F4A-3ACF157BCA28}.Debug|x64.Build.0 = Debug|x64
		{79094BDA-6811-4E53-8F4A-3ACF157BCA28}.Debug|x86.ActiveCfg = Debug|Win32
		{79094BDA-6811-4E53-8F4A-3ACF157BCA28}.Debug|x86.Build.0 = Debug|Win32
		{79094BDA-6811-4E53-8F4A-3ACF157BCA28}.Release|x64.ActiveCfg = Release|x64
		{79094BDA-6811-4E53-8F4A-3ACF157BCA28}.Release|x64.Build.0 = Release|x64
		{79094BDA-6811-4E53-8F4A-3ACF157BCA28}.Release|x86.ActiveCfg = Release|Win32
		{79094BDA-6811-4E53-8F4A-3ACF157BCA28}.Release|x86.Build.0 = Release|Win32
		{5A499201-8F16-48CA-AA1E-28294BCE1059}.Debug|x64.ActiveCfg = Debug|x64
		{5A499201-8F16-48CA-AA1E-28294BCE1059}.Debug|x64.Build.0 = Debug|x64
		{5A499201-8F16-48CA-AA1E-28294BCE1059}.Debug|x86.ActiveCfg = Debug|Win32
		{5A499201-8F16-48CA-AA1E-28294BCE1059}.Debug|x86.Build.0 = Debug|Win32
		{5A499201-8F16-48CA-AA1E-28294BCE1059}.Release|x64.ActiveCfg = Release|x64
		{5A499201-8F16-48CA-AA1E-28294BCE1059}.Release|x64.Build.0 = Release|x64
		{5A499201-8F16-48CA-AA1E-28294BCE1059}.Release|x86.ActiveCfg = Release|Win32
		{5A499201-8F16-48CA-AA1E-28294BCE1059}.Release|x86.Build.0 = Release|Win32
		{D2CBCA26-F539-4A19-A407-DE4D2B7F6166}.Debug|x64.ActiveCfg = Debug|x64
		{D2CBCA26-F539-4A19-A407-DE4D2B7F6166}.Debug|x64.Build.0 = Debug|x64
		{D2CBCA26-F539-4A19-A407-DE4D2B7F6166}.Debug|x86.ActiveCfg = Debug|Win32
		{D2CBCA26-F539-4A19-A407-DE4D2B7F6166}.Debug|x86.Build.0 = Debug|Win32
		{D2CBCA26-F539-4A19-A407-DE4D2B7F6166}.Release|x64.ActiveCfg = Release|x64
		{D2CBCA26-F539-4A19-A407-DE4D2B7F6166}.Release|x64.Build.0 = Release|x64
		{D2CBCA26-F539-4A19-A407-DE4D2B7F6166}.Release|x86.ActiveCfg = Release|Win32
		{D2CBCA26-F539-4A19-A407-DE4D2B7F6166}.Release|x86.Build.0 = Release|Win32
		{2154274C-F488-4701-8EDC-5BC6DF018B25}.Debug|x64.ActiveCfg = Debug|x64
		{2154274C-F488-4701-8EDC-5BC6DF018B25}.Debug|x64.Build.0 = Debug|x64
		{2154274C-F488-4701-8EDC-5BC6DF018B25}.Debug|x86.ActiveCfg = Debug|Win32
		{2154274C-F488-4701-8EDC-5BC6DF018B25}.Debug|x86.Build.0 = Debug|Win32
		{2154274C-F488-4701-8EDC-5BC6DF018B25}.Release|x64.ActiveCfg = Release|x64
		{2154274C-F488-4701-8EDC-5BC6DF018B25}.Release|x64.Build.0 = Release|x64
		{2154274C-F488-4701-8EDC-5BC6DF018B25}.Release|x86.ActiveCfg = Release|Win32
		{2154274C-F488-4701-8EDC-5BC6DF018B25}.Release|x86.Build.0 = Release|Win32
		{7E4193B5-F8C9-4CB0-9F01-4F45F27A1E5C}.Debug|x64.ActiveCfg = Debug|x64
		{7E4193B5-F8C9-4CB0-9F01-4F45F27A1E5C}.Debug|x64.Build.0 = Debug|x64
		{7E4193B5-F8C9-4CB0-9F01-4F45F27A1E5C}.Debug|x86.ActiveCfg = Debug|Win32
		{7E4193B5-F8C9-4CB0-9F01-4F45F27A1E5C}.Debug|x86.Build.0 = Debug|Win32
		{7E4193B5-F8C9-4CB0-9F01-4F45F27A1E5C}.Release|x64.ActiveCfg = Release|x64
		{7E4193B5-F8C9-4CB0-9F01-4F45F27A1E5C}.Release|x64.Build.0 = Release|x64
		{7E4193B5-F8C9-4CB0-9F01-4F45F27A1E5C}.Release|x86.ActiveCfg = Release|Win32
		{7E4193B5-F8C9-4CB0-9F01-4F45F27A1E5C}.Release|x86.Build.0 = Release|Win32
		{A652E616-2F9C-489B-816D-50F21590ECC0}.Debug|x64.ActiveCfg = Debug|x64
		{A652E616-2F9C-489B-816D-50F21590ECC0}.Debug|x64.Build.0 = Debug|x64
		{A652E616-2F9C-489B-816D-50F21590ECC0}.Debug|x86.ActiveCfg = Debug|Win32
		{A652E616-2F9C-489B-816D-50F21590ECC0}.Debug|x86.Build.0 = Debug|Win32
		{A652E616-2F9C-489B-816D-50F21590ECC0}.Release|x64.ActiveCfg = Release|x64
		{A652E616-2F9C-489B-816D-50F21590ECC0}.Release|x64.Build.0 = Release|x64
		{A652E616-2F9C-489B-816D-50F21590ECC0}.Release|x86.ActiveCfg = Release|Win32
		{A652E616-2F9C-489B-816D-50F21590ECC0}.Release|x86.Build.0 = Release|Win32
		{63611D97-907E-48BF-BF54-B0C8BA9E384E}.Debug|x64.ActiveCfg = Debug|x64
		{63611D97-907E-48BF-BF54-B0C8BA9E384E}.Debug|x64.Build.0 = Debug|x64
		{63611D97-907E-48BF-BF54-B0C8BA9E384E}.Debug|x86.ActiveCfg = Debug|Win32
		{63611D97-907E-48BF-BF54-B0C8BA9E384E}.Debug|x86.Build.0 = Debug|Win32
		{63611D97-907E-48BF-BF54-B0C8BA9E384E}.Release|x64.ActiveCfg = Release|x64
		{63611D97-907E-48BF-BF54-B0C8BA9E384E}.Release|x64.Build.0 = Release|x64
		{63611D97-907E-48BF-BF54-B0C8BA9E384E}.Release|x86.ActiveCfg = Release|Win32
		{63611D97-907E-48BF-BF54-B0C8BA9E384E}.Release|x86.Build.0 = Release|Win32
		{8C67A844-8B66-4885-AB48-4914BC7328B8}.Debug|x64.ActiveCfg = Debug|x64
		{8C67A844-8B66-4885-AB48-4914BC7328B8}.Debug|x64.Build.0 = Debug|x64
		{8C67A844-8B66-4885-AB48-4914BC7328B8}.Debug|x86.ActiveCfg = Debug|Win32
		{8C67A844-8B66-4885-AB48-4914BC7328B8}.Debug|x86.Build.0 = Debug|Win32
		{8C67A844-8B66-4885-AB48-4914BC7328B8}.Release|x64.ActiveCfg = Release|x64
		{8C67A844-8B66-4885-AB48-4914BC7328B8}.Release|x64.Build.0 = Release|x64
		{8C67A844-8B66-4885-AB48-4914BC7328B8}.Release|x86.ActiveCfg = Release|Win32
		{8C67A844-8B66-4885-AB48-4914BC7328B8}.Release|x86.Build.0 = Release|Win32
		{FE4A550C-9820-4FBF-973E-6673A0D88643}.Debug|x64.ActiveCfg = Debug|x64
		{FE4A550C-9820-4FBF-973E-6673A0D88643}.Debug|x64.Build.0 = Debug|x64
		{FE4A550C-9820-4FBF-973E-6673A0D88643}.Debug|x86.ActiveCfg = Debug|Win32
		{FE4A550C-9820-4FBF-973E-6673A0D88643}.Debug|x86.Build.0 = Debug|Win32
		{FE4A550C-9820-4FBF-973E-6673A0D88643}.Release|x64.ActiveCfg = Release|x64
		{FE4A550C-9820-4FBF-973E-6673A0D88643}.Release|x64.Build.0 = Release|x64
		{FE4A550C-9820-4FBF-973E-6673A0D88643}.Release|x86.ActiveCfg = Release|Win32
		{FE4A550C-9820-4FBF-973E-6673A0D88643}.Release|x86.Build.0 = Release|Win32
		{F82841CA-1C0F-4F26-8E2C-7E4C8A90881D}.Debug|x64.ActiveCfg = Debug|x64
		{F82841CA-1C0F-4F26-8E2C-7E4C8A90881D}.Debug|x64.Build.0 = Debug|x64
		{F82841CA-1C0F-4F26-8E2C-7E4C8A90881D}.Debug|x86.ActiveCfg = Debug|Win32
		{F82841CA-1C0F-4F26-8E2C-7E4C8A90881D}.Debug|x86.Build.0 = Debug|Win32
		{F82841CA-1C0F-4F26-8E2C-7E4C8A90881D}.Release|x64.ActiveCfg = Release|x64
		{F82841CA-1C0F-4F26-8E2C-7E4C8A90881D}.Release|x64.Build.0 = Release|x64
		{F82841CA-1C0F-4F26-8E2C-7E4C8A90881D}.Release|x86.ActiveCfg = Release|Win32
		{F82841CA-1C0F-4F26-8E2C-7E4C8A90881D}.Release|x86.Build.0 = Release|Win32
		{92FCC8FD-94E3-477D-B52F-FEC46F356FE3}.Debug|x64.ActiveCfg = Debug|x64
		{92FCC8FD-94E3-477D-B52F-FEC46F356FE3}.Debug|x64.Build.0 = Debug|x64
		{92FCC8FD-94E3-477D-B52F-FEC46F356FE3}.Debug|x86.ActiveCfg = Debug|Win32
		{92FCC8FD-94E3-477D-B52F-FEC46F356FE3}.Debug|x86.Build.0 = Debug|Win32
		{92FCC8FD-94E3-477D-B52F-FEC46F356FE3}.Release|x64.ActiveCfg = Release|x64
		{92FCC8FD-94E3-477D-B52F-FEC46F356FE3}.Release|x64.Build.0 = Release|x64
		{92FCC8FD-94E3-477D-B52F-FEC46F356FE3}.Release|x86.ActiveCfg = Release|Win32
		{92FCC8FD-94E3-477D-B52F-FEC46F356FE3}.Release|x86.Build.0 = Release|Win32
		{EE9015C2-7D11-4F62-A943-5502D5E4F799}.Debug|x64.ActiveCfg = Debug|x64
		{EE9015C2-7D11-4F62-A943-5502D5E4F799}.Debug|x64.Build.0 = Debug|x64
		{EE9015C2-7D11-4F62-A943-5502D5E4F799}.Debug|x86.ActiveCfg = Debug|Win32
		{EE9015C2-7D11-4F62-A943-5502D5E4F799}.Debug|x86.Build.0 = Debug|Win32
		{EE9015C2-7D11-4F62-A943-5502D5E4F799}.Release|x64.ActiveCfg = Release|x64
		{EE9015C2-7D11-4F62-A943-5502D5E4F799}.Release|x64.Build.0 = Release|x64
		{EE9015C2-7D11-4F62-A943-5502D5E4F799}.Release|x86.ActiveCfg = Release|Win32
		{EE9015C2-7D11-4F62-A943-5502D5E4F799}.Release|x86.Build.0 = Release|Win32
		{DFE5DA05-8675-4DC4-9075-004FBC92C85B}.Debug|x64.ActiveCfg = Debug|x64
		{DFE5DA05-8675-4DC4-9075-004FBC92C85B}.Debug|x64.Build.0 = Debug|x64
		{DFE5DA05-8675-4DC4-9075-004FBC92C85B}.Debug|x86.ActiveCfg = Debug|Win32
		{DFE5DA05-8675-4DC4-9075-004FBC92C85B}.Debug|x86.Build.0 = Debug|Win32
		{DFE5DA05-8675-4DC4-9075-004FBC92C85B}.Release|x64.ActiveCfg = Release|x64
		{DFE5DA05-8675-4DC4-9075-004FBC92C85B}.Release|x64.Build.0 = Release|x64
		{DFE5DA05-8675-4DC4-9075-004FBC92C85B}.Release|x86.ActiveCfg = Release|Win32
		{DFE5DA05-8675-4DC4-9075-004FBC92C85B}.Release|x86.Build.0 = Release|Win32
		{50104F13-E5A5-453C-8F5A-D610C7A2E9D3}.Debug|x64.ActiveCfg = Debug|x64
		{50104F13-E5A5-453C-8F5A-D610C7A2E9D3}.Debug|x64.Build.0 = Debug|x64
		{50104F13-E5A5-453C-8F5A-D610C7A2E9D3}.Debug|x86.ActiveCfg = Debug|Win32
		{50104F13-E5A5-453C-8F5A-D610C7A2E9D3}.Debug|x86.Build.0 = Debug|Win32
		{50104F13-E5A5-453C-8F5A-D610C7A2E9D3}.Release|x64.ActiveCfg = Release|x64
		{50104F13-E5A5-453C-8F5A-D610C7A2E9D3}.Release|x64.Build.0 = Release|x64
		{50104F13-E5A5-453C-8F5A-D610C7A2E9D3}.Release|x86.ActiveCfg = Release|Win32
		{50104F13-E5A5-453C-8F5A-D610C7A2E9D3}.Release|x86.Build.0 = Release|Win32
		{9A2AA7E9-2004-481E-8506-B86CBF3208EC}.Debug|x64.ActiveCfg = Debug|x64
		{9A2AA7E9-2004-481E-8506-B86CBF3208EC}.Debug|x64.Build.0 = Debug|x64
		{9A2AA7E9-2004-481E-8506-B86CBF3208EC}.Debug|x86.ActiveCfg = Debug|Win32
		{9A2AA7E9-2004-481E-8506-B86CBF3208EC}.Debug|x86.Build.0 = Debug|Win32
		{9A2AA7E9-2004-481E-8506-B86CBF3208EC}.Release|x64.ActiveCfg = Release|x64
		{9A2AA7E9-2004-481E-8506-B86CBF3208EC}.Release|x64.Build.0 = Release|x64
		{9A2AA7E9-2004-481E-8506-B86CBF3208EC}.Release|x86.ActiveCfg = Release|Win32
		{9A2AA7E9-2004-481E-8506-B86CBF3208EC}.Release|x86.Build.0 = Release|Win32
		{95E5EAE9-675C-45E9-815E-B962EFC68445}.Debug|x64.ActiveCfg = Debug|x64
		{95E5EAE9-675C-45E9-815E-B962EFC68445}.Debug|x64.Build.0 = Debug|x64
		{95E5EAE9-675C-45E9-815E-B962EFC68445}.Debug|x86.ActiveCfg = Debug|Win32
		{95E5EAE9-675C-45E9-815E-B962EFC68445}.Debug|x86.Build.0 = Debug|Win32
		{95E5EAE9-675C-45E9-815E-B962EFC68445}.Release|x64.ActiveCfg = Release|x64
		{95E5EAE9-675C-45E9-815E-B962EFC68445}.Release|x64.Build.0 = Release|x64
		{95E5EAE9-675C-45E9-815E-B962EFC68445}.Release|x86.ActiveCfg = Release|Win32
		{95E5EAE9-675C-45E9-815E-B962EFC68445}.Release|x86.Build.0 = Release|Win32
		{147C55F9-6564-4214-AAF0-1EA56AA524CB}.Debug|x64.ActiveCfg = Debug|x64
		{147C55F9-6564-4214-AAF0-1EA56AA524CB}.Debug|x64.Build.0 = Debug|x64
		{147C55F9-6564-4214-AAF0-1EA56AA524CB}.Debug|x86.ActiveCfg = Debug|Win32
		{147C55F9-6564-4214-AAF0-1EA56AA524CB}.Debug|x86.Build.0 = Debug|Win32
		{147C55F9-6564-4214-AAF0-1EA56AA524CB}.Release|x64.ActiveCfg = Release|x64
		{147C55F9-6564-4214-AAF0-1EA56AA524CB}.Release|x64.Build.0 = Release|x64
		{147C55F9-6564-4214-AAF0-1EA56AA524CB}.Release|x86.ActiveCfg = Release|Win32
		{147C55F9-6564-4214-AAF0-1EA56AA524CB}.Release|x86.Build.0 = Release|Win32
		{5637BB0D-8E16-4570-9FCD-985B0030808D}.Debug|x64.ActiveCfg = Debug|x64
		{5637BB0D-8E16-4570-9FCD-985B0030808D}.Debug|x64.Build.0 = Debug|x64
		{5637BB0D-8E16-4570-9FCD-985B0030808D}.Debug|x86.ActiveCfg = Debug|Win32
		{5637BB0D-8E16-4570-9FCD-985B0030808D}.Debug|x86.Build.0 = Debug|Win32
		{5637BB0D-8E16-4570-9FCD-985B0030808D}.Release|x64.ActiveCfg = Release|x64
		{5637BB0D-8E16-4570-9FCD-985B0030808D}.Release|x64.Build.0 = Release|x64
		{5637BB0D-8E16-4570-9FCD-985B0030808D}.Release|x86.ActiveCfg = Release|Win32
		{5637BB0D-8E16-4570-9FCD-985B0030808D}.Release|x86.Build.0 = Release|Win32
		{47DD9AE1-8A05-454E-BA7B-3CEAB69B6258}.Debug|x64.ActiveCfg = Debug|x64
		{47DD9AE1-8A05-454E-BA7B-3CEAB69B6258}.Debug|x64.Build.0 = Debug|x64
		{47DD9AE1-8A05-454E-BA7B-3CEAB69B6258}.Debug|x86.ActiveCfg = Debug|Win32
		{47DD9AE1-8A05-454E-BA7B-3CEAB69B6258}.Debug|x86.Build.0 = Debug|Win32
		{47DD9AE1-8A05-454E-BA7B-3CEAB69B6258}.Release|x64.ActiveCfg = Release|x64
		{47DD9AE1-8A05-454E-BA7B-3CEAB69B6258}.Release|x64.Build.0 = Release|x64
		{47DD9AE1-8A05-454E-BA7B-3CEAB69B6258}.Release|x86.ActiveCfg = Release|Win32
		{47DD9AE1-8A05-454E-BA7B-3CEAB69B6258}.Release|x86.Build.0 = Release|Win32
		{DE8C9F07-E15A-4BBF-B5F1-529373C6B904}.Debug|x64.ActiveCfg = Debug|x64
		{DE8C9F07-E15A-4BBF-B5F1-529373C6B904}.Debug|x64.Build.0 = Debug|x64
		{DE8C9F07-E15A-4BBF-B5F1-529373C6B904}.Debug|x86.ActiveCfg = Debug|Win32
		{DE8C9F07-E15A-4BBF-B5F1-529373C6B904}.Debug|x86.Build.0 = Debug|Win32
		{DE8C9F07-E15A-4BBF-B5F1-529373C6B904}.Release|x64.ActiveCfg = Release|x64
		{DE8C9F07-E15A-4BBF-B5F1-529373C6B904}.Release|x64.Build.0 = Release|x64
		{DE8C9F07-E15A-4BBF-B5F1-529373C6B904}.Release|x86.ActiveCfg = Release|Win32
		{DE8C9F07-E15A-4BBF-B5F1-529373C6B904}.Release|x86.Build.0 = Release|Win32
		{977EDD3E-67C1-47AB-BD20-1D561A4E0643}.Debug|x64.ActiveCfg = Debug|x64
		{977EDD3E-67C1-47AB-BD20-1D561A4E0643}.Debug|x64.Build.0 = Debug|x64
		{977EDD3E-67C1-47AB-BD20-1D561A4E0643}.Debug|x86.ActiveCfg = Debug|Win32
		{977EDD3E-67C1-47AB-BD20-1D561A4E0643}.Debug|x86.Build.0 = Debug|Win32
		{977EDD3E-67C1-47AB-BD20-1D561A4E0643}.Release|x64.ActiveCfg = Release|x64
		{977EDD3E-67C1-47AB-BD20-1D561A4E0643}.Release|x64.Build.0 = Release|x64
		{977EDD3E-67C1-47AB-BD20-1D561A4E0643}.Release|x86.ActiveCfg = Release|Win32
		{977EDD3E-67C1-47AB-BD20-1D561A4E0643}.Release|x86.Build.0 = Release|Win32
		{76FFD2A7-D5F9-4524-9682-20EBAFA7805F}.Debug|x64.ActiveCfg = Debug|x64
		{76FFD2A7-D5F9-4524-9682-20EBAFA7805F}.Debug|x64.Build.0 = Debug|x64
		{76FFD2A7-D5F9-4524-9682-20EBAFA7805F}.Debug|x86.ActiveCfg = Debug|Win32
		{76FFD2A7-D5F9-4524-9682-20EBAFA7805F}.Debug|x86.Build.0 = Debug|Win32
		{76FFD2A7-D5F9-4524-9682-20EBAFA7805F}.Release|x64.ActiveCfg = Release|x64
		{76FFD2A7-D5F9-4524-9682-20EBAFA7805F}.Release|x64.Build.0 = Release|x64
		{76FFD2A7-D5F9-4524-9682-20EBAFA7805F}.Release|x86.ActiveCfg = Release|Win32
		{76FFD2A7-D5F9-4524-9682-20EBAFA7805F}.Release|x86.Build.0 = Release|Win32
		{D89A7A93-D0AA-4076-B572-6BA063AF9414}.Debug|x64.ActiveCfg = Debug|x64
		{D89A7A93-D0AA-4076-B572-6BA063AF9414}.Debug|x64.Build.0 = Debug|x64
		{D89A7A93-D0AA-4076-B572-6BA063AF9414}.Debug|x86.ActiveCfg = Debug|Win32
		{D89A7A93-D0AA-4076-B572-6BA063AF9414}.Debug|x86.Build.0 = Debug|Win32
		{D89A7A93-D0AA-4076-B572-6BA063AF9414}.Release|x64.ActiveCfg = Release|x64
		{D89A7A93-D0AA-4076-B572-6BA063AF9414}.Release|x64.Build.0 = Release|x64
		{D89A7A93-D0AA-4076-B572-6BA063AF9414}.Release|x86.ActiveCfg = Release|Win32
		{D89A7A93-D0AA-4076-B572-6BA063AF9414}.Release|x86.Build.0 = Release|Win32
		{E5CD8DBC-5C5F-439A-8394-624A74A3D71D}.Debug|x64.ActiveCfg = Debug|x64
		{E5CD8DBC-5C5F-439A-8394-624A74A3D71D}.Debug|x64.Build.0 = Debug|x64
		{E5CD8DBC-5C5F-439A-8394-624A74A3D71D}.Debug|x86.ActiveCfg = Debug|Win32
		{E5CD8DBC-5C5F-439A-8394-624A74A3D71D}.Debug|x86.Build.0 = Debug|Win32
		{E5CD8DBC-5C5F-439A-8394-624A74A3D71D}.Release|x64.ActiveCfg = Release|x64
		{E5CD8DBC-5C5F-439A-8394-624A74A3D71D}.Release|x64.Build.0 = Release|x64
		{E5CD8DBC-5C5F-439A-8394-624A74A3D71D}.Release|x86.ActiveCfg = Release|Win32
		{E5CD8DBC-5C5F-439A-8394-624A74A3D71D}.Release|x86.Build.0 = Release|Win32
		{10B32E69-B776-41B1-BB58-C626FD4C884A}.Debug|x64.ActiveCfg = Debug|x64
		{10B32E69-B776-41B1-BB58-C626FD4C884A}.Debug|x64.Build.0 = Debug|x64
		{10B32E69-B776-41B1-BB58-C626FD4C884A}.Debug|x86.ActiveCfg = Debug|Win32
		{10B32E69-B776-41B1-BB58-C626FD4C884A}.Debug|x86.Build.0 = Debug|Win32
		{10B32E69-B776-41B1-BB58-C626FD4C884A}.Release|x64.ActiveCfg = Release|x64
		{10B32E69-B776-41B1-BB58-C626FD4C884A}.Release|x64.Build.0 = Release|x64
		{10B32E69-B776-41B1-BB58-C626FD4C884A}.Release|x86.ActiveCfg = Release|Win32
		{10B32E69-B776-41B1-BB58-C626FD4C884A}.Release|x86.Build.0 = Release|Win32
		{2CAA6CEC-C918-4D7B-A72C-D527A3889B32}.Debug|x64.ActiveCfg = Debug|x64
		{2CAA6CEC-C918-4D7B-A72C-D527A3889B32}.Debug|x64.Build.0 = Debug|x64
		{2CAA6CEC-C918-4D7B-A72C-D527A3889B32}.Debug|x86.ActiveCfg = Debug|Win32
		{2CAA6CEC-C918-4D7B-A72C-D527A3889B32}.Debug|x86.Build.0 = Debug|Win32
		{2CAA6CEC-C918-4D7B-A72C-D527A3889B32}.Release|x64.ActiveCfg = Release|x64
		{2CAA6CEC-C918-4D7B-A72C-D527A3889B32}.Release|x64.Build.0 = Release|x64
		{2CAA6CEC-C918-4D7B-A72C-D527A3889B32}.Release|x86.ActiveCfg = Release|Win32
		{2CAA6CEC-C918-4D7B-A72C-D527A3889B32}.Release|x86.Build.0 = Release|Win32
		{9317C06B-8006-4F13-9285-5681172BD6B0}.Debug|x64.ActiveCfg = Debug|x64
		{9317C06B-8006-4F13-9285-5681172BD6B0}.Debug|x64.Build.0 = Debug|x64
		{9317C06B-8006-4F13-9285-5681172BD6B0}.Debug|x86.ActiveCfg = Debug|Win32
		{9317C06B-8006-4F13-9285-5681172BD6B0}.Debug|x86.Build.0 = Debug|Win32
		{9317C06B-8006-4F13-9285-5681172BD6B0}.Release|x64.ActiveCfg = Release|x64
		{9317C06B-8006-4F13-9285-5681172BD6B0}.Release|x64.Build.0 = Release|x64
		{9317C06B-8006-4F13-9285-5681172BD6B0}.Release|x86.ActiveCfg = Release|Win32
		{9317C06B-8006-4F13-9285-5681172BD6B0}.Release|x86.Build.0 = Release|Win32
		{A67DF650-4229-4B29-8136-D02CD607B64E}.Debug|x64.ActiveCfg = Debug|x64
		{A67DF650-4229-4B29-8136-D02CD607B64E}.Debug|x64.Build.0 = Debug|x64
		{A67DF650-4229-4B29-8136-D02CD607B64E}.Debug|x86.ActiveCfg = Debug|Win32
		{A67DF650-4229-4B29-8136-D02CD607B64E}.Debug|x86.Build.0 = Debug|Win32
		{A67DF650-4229-4B29-8136-D02CD607B64E}.Release|x64.ActiveCfg = Release|x64
		{A67DF650-4229-4B29-8136-D02CD607B64E}.Release|x64.Build.0 = Release|x64
		{A67DF650-4229-4B29-8136-D02CD607B64E}.Release|x86.ActiveCfg = Release|Win32
		{A67DF650-4229-4B29-8136-D02CD607B64E}.Release|x86.Build.0 = Release|Win32
		{95DB506B-77BD-4987-9D9D-F3D3163F4418}.Debug|x64.ActiveCfg = Debug|x64
		{95DB506B-77BD-4987-9D9D-F3D3163F4418}.Debug|x64.Build.0 = Debug|x64
		{95DB506B-77BD-4987-9D9D-F3D3163F4418}.Debug|x86.ActiveCfg = Debug|Win32
		{95DB506B-77BD-4987-9D9D-F3D3163F4418}.Debug|x86.Build.0 = Debug|Win32
		{95DB506B-77BD-4987-9D9D-F3D3163F4418}.Release|x64.ActiveCfg = Release|x64
		{95DB506B-77BD-4987-9D9D-F3D3163F4418}.Release|x64.Build.0 = Release|x64
		{95DB506B-77BD-4987-9D9D-F3D3163F4418}.Release|x86.ActiveCfg = Release|Win32
		{95DB506B-77BD-4987-9D9D-F3D3163F4418}.Release|x86.Build.0 = Release|Win32
		{B42A03B5-9E67-4459-9E2C-1BC7930AD902}.Debug|x64.ActiveCfg = Debug|x64
		{B42A03B5-9E67-4459-9E2C-1BC7930AD902}.Debug|x64.Build.0 = Debug|x64
		{B42A03B5-9E67-4459-9E2C-1BC7930AD902}.Debug|x86.ActiveCfg = Debug|Win32
		{B42A03B5-9E67-4459-9E2C-1BC7930AD902}.Debug|x86.Build.0 = Debug|Win32
		{B42A03B5-9E67-4459-9E2C-1BC7930AD902}.Release|x64.ActiveCfg = Release|x64
		{B42A03B5-9E67-4459-9E2C-1BC7930AD902}.Release|x64.Build.0 = Release|x64
		{B42A03B5-9E67-4459-9E2C-1BC7930AD902}.Release|x86.ActiveCfg = Release|Win32
		{B42A03B5-9E67-4459-9E2C-1BC7930AD902}.Release|x86.Build.0 = Release|Win32
		{66F1B82E-B22A-4001-9A8E-1D9889F1CDF9}.Debug|x64.ActiveCfg = Debug|x64
		{66F1B82E-B22A-4001-9A8E-1D9889F1CDF9}.Debug|x64.Build.0 = Debug|x64
		{66F1B82E-B22A-4001-9A8E-1D9889F1CDF9}.Debug|x86.ActiveCfg = Debug|Win32
		{66F1B82E-B22A-4001-9A8E-1D9889F1CDF9}.Debug|x86.Build.0 = Debug|Win32
		{66F1B82E-B22A-4001-9A8E-1D9889F1CDF9}.Release|x64.ActiveCfg = Release|x64
		{66F1B82E-B22A-4001-9A8E-1D9889F1CDF9}.Release|x64.Build.0 = Release|x64
		{66F1B82E-B22A-4001-9A8E-1D9889F1CDF9}.Release|x86.ActiveCfg = Release|Win32
		{66F1B82E-B22A-4001-9A8E-1D9889F1CDF9}.Release|x86.Build.0 = Release|Win32
		{0CC74E0B-A226-4030-9ADA-57C164F5C31A}.Debug|x64.ActiveCfg = Debug|x64
		{0CC74E0B-A226-4030-9ADA-57C164F5C31A}.Debug|x64.Build.0 = Debug|x64
		{0CC74E0B-A226-4030-9ADA-57C164F5C31A}.Debug|x86.ActiveCfg = Debug|Win32
		{0CC74E0B-A226-4030-9ADA-57C164F5C31A}.Debug|x86.Build.0 = Debug|Win32
		{0CC74E0B-A226-4030-9ADA-57C164F5C31A}.Release|x64.ActiveCfg = Release|x64
		{0CC74E0B-A226-4030-9ADA-57C164F5C31A}.Release|x64.Build.0 = Release|x64
		{0CC74E0B-A226-4030-9ADA-57C164F5C31A}.Release|x86.ActiveCfg = Release|Win32
		{0CC74E0B-A226-4030-9ADA-57C164F5C31A}.Release|x86.Build.0 = Release|Win32
		{0777AA1B-93E1-4080-AF0A-C5EC4E5438D6}.Debug|x64.ActiveCfg = Debug|x64
		{0777AA1B-93E1-4080-AF0A-C5EC4E5438D6}.Debug|x64.Build.0 = Debug|x64
		{0777AA1B-93E1-4080-AF0A-C5EC4E5438D6}.Debug|x86.ActiveCfg = Debug|Win32
		{0777AA1B-93E1-4080-AF0A-C5EC4E5438D6}.Debug|x86.Build.0 = Debug|Win32
		{0777AA1B-93E1-4080-AF0A-C5EC4E5438D6}.Release|x64.ActiveCfg = Release|x64
		{0777AA1B-93E1-4080-AF0A-C5EC4E5438D6}.Release|x64.Build.0 = Release|x64
		{0777AA1B-93E1-4080-AF0A-C5EC4E5438D6}.Release|x86.ActiveCfg = Release|Win32
		{0777AA1B-93E1-4080-AF0A-C5EC4E5438D6}.Release|x86.Build.0 = Release|Win32
		{DFB58DB8-C908-4588-9EA9-6948E3883BF9}.Debug|x64.ActiveCfg = Debug|x64
		{DFB58DB8-C908-4588-9EA9-6948E3883BF9}.Debug|x64.Build.0 = Debug|x64
		{DFB58DB8-C908-4588-9EA9-6948E3883BF9}.Debug|x86.ActiveCfg = Debug|Win32
		{DFB58DB8-C908-4588-9EA9-6948E3883BF9}.Debug|x86.Build.0 = Debug|Win32
		{DFB58DB8-C908-4588-9EA9-6948E3883BF9}.Release|x64.ActiveCfg = Release|x64
		{DFB58DB8-C908-4588-9EA9-6948E3883BF9}.Release|x64.Build.0 = Release|x64
		{DFB58DB8-C908-4588-9EA9-6948E3883BF9}.Release|x86.ActiveCfg = Release|Win32
		{DFB58DB8-C908-4588-9EA9-6948E3883BF9}.Release|x86.Build.0 = Release|Win32
		{622D4A43-C010-4C17-AB7F-958237F1F3DF}.Debug|x64.ActiveCfg = Debug|x64
		{622D4A43-C010-4C17-AB7F-958237F1F3DF}.Debug|x64.Build.0 = Debug|x64
		{622D4A43-C010-4C17-AB7F-958237F1F3DF}.Debug|x86.ActiveCfg = Debug|Win32
		{622D4A43-C010-4C17-AB7F-958237F1F3DF}.Debug|x86.Build.0 = Debug|Win32
		{622D4A43-C010-4C17-AB7F-958237F1F3DF}.Release|x64.ActiveCfg = Release|x64
		{622D4A43-C010-4C17-AB7F-958237F1F3DF}.Release|x64.Build.0 = Release|x64
		{622D4A43-C010-4C17-AB7F-958237F1F3DF}.Release|x86.ActiveCfg = Release|Win32
		{622D4A43-C010-4C17-AB7F-958237F1F3DF}.Release|x86.Build.0 = Release|Win32
		{B60AC567-3B68-423E-8EBD-CA8A664371F3}.Debug|x64.ActiveCfg = Debug|x64
		{B60AC567-3B68-423E-8EBD-CA8A664371F3}.Debug|x64.Build.0 = Debug|x64
		{B60AC567-3B68-423E-8EBD-CA8A664371F3}.Debug|x86.ActiveCfg = Debug|Win32
		{B60AC567-3B68-423E-8EBD-CA8A664371F3}.Debug|x86.Build.0 = Debug|Win32
		{B60AC567-3B68-423E-8EBD-CA8A664371F3}.Release|x64.ActiveCfg = Release|x64
		{B60AC567-3B68-423E-8EBD-CA8A664371F3}.Release|x64.Build.0 = Release|x64
		{B60AC567-3B68-423E-8EBD-CA8A664371F3}.Release|x86.ActiveCfg = Release|Win32
		{B60AC567-3B68-423E-8EBD-CA8A664371F3}.Release|x86.Build.0 = Release|Win32
		{2FAA3B32-B328-49F2-AA6B-4BD1DED6637D}.Debug|x64.ActiveCfg = Debug|x64
		{2FAA3B32-B328-49F2-AA6B-4BD1DED6637D}.Debug|x64.Build.0 = Debug|x64
		{2FAA3B32-B328-49F2-AA6B-4BD1DED6637D}.Debug|x86.ActiveCfg = Debug|Win32
		{2FAA3B32-B328-49F2-AA6B-4BD1DED6637D}.Debug|x86.Build.0 = Debug|Win32
		{2FAA3B32-B328-49F2-AA6B-4BD1DED6637D}.Release|x64.ActiveCfg = Release|x64
		{2FAA3B32-B328-49F2-AA6B-4BD1DED6637D}.Release|x64.Build.0 = Release|x64
		{2FAA3B32-B328-49F2-AA6B-4BD1DED6637D}.Release|x86.ActiveCfg = Release|Win32
		{2FAA3B32-B328-49F2-AA6B-4BD1DED6637D}.Release|x86.Build.0 = Release|Win32
	EndGlobalSection
	GlobalSection(SolutionProperties) = preSolution
		HideSolutionNode = FALSE
	EndGlobalSection
	GlobalSection(NestedProjects) = preSolution
		{C07DD9CF-B789-4D31-B96E-0C68DAE45C45} = {C403784C-2BD3-402A-BD32-75714764FC6C}
		{D5E5B079-C7A0-4247-BE88-AD2C0BC146CD} = {C403784C-2BD3-402A-BD32-75714764FC6C}
		{6A7210A1-BBC1-4AFA-BF7D-3E427F47D5C6} = {C403784C-2BD3-402A-BD32-75714764FC6C}
		{1D322A1F-AC56-40EE-A0BA-E3A2DB3452FE} = {C403784C-2BD3-402A-BD32-75714764FC6C}
		{33B65FA0-5D3C-40C7-9C96-DEAB19AD35A4} = {C403784C-2BD3-402A-BD32-75714764FC6C}
		{79094BDA-6811-4E53-8F4A-3ACF157BCA28} = {C403784C-2BD3-402A-BD32-75714764FC6C}
		{5A499201-8F16-48CA-AA1E-28294BCE1059} = {5FDB2BFD-D010-4FF9-8F67-EE13CC71BF1F}
		{D2CBCA26-F539-4A19-A407-DE4D2B7F6166} = {940B2D70-004C-47E0-8167-4BC011543EDC}
		{2154274C-F488-4701-8EDC-5BC6DF018B25} = {940B2D70-004C-47E0-8167-4BC011543EDC}
		{7E4193B5-F8C9-4CB0-9F01-4F45F27A1E5C} = {940B2D70-004C-47E0-8167-4BC011543EDC}
		{A652E616-2F9C-489B-816D-50F21590ECC0} = {940B2D70-004C-47E0-8167-4BC011543EDC}
		{63611D97-907E-48BF-BF54-B0C8BA9E384E} = {68752234-D4C5-4488-B18D-D68E5901AD71}
		{8C67A844-8B66-4885-AB48-4914BC7328B8} = {68752234-D4C5-4488-B18D-D68E5901AD71}
		{FE4A550C-9820-4FBF-973E-6673A0D88643} = {5FDB2BFD-D010-4FF9-8F67-EE13CC71BF1F}
		{F82841CA-1C0F-4F26-8E2C-7E4C8A90881D} = {58CCE957-D480-471D-A342-DCD1A4EDC245}
		{92FCC8FD-94E3-477D-B52F-FEC46F356FE3} = {F7F776D2-008F-43F7-8A43-ACE597B13025}
		{EE9015C2-7D11-4F62-A943-5502D5E4F799} = {F7F776D2-008F-43F7-8A43-ACE597B13025}
		{DFE5DA05-8675-4DC4-9075-004FBC92C85B} = {5FDB2BFD-D010-4FF9-8F67-EE13CC71BF1F}
		{50104F13-E5A5-453C-8F5A-D610C7A2E9D3} = {7B584487-8E0A-4550-8A47-3C208E525901}
		{9A2AA7E9-2004-481E-8506-B86CBF3208EC} = {7B584487-8E0A-4550-8A47-3C208E525901}
		{95E5EAE9-675C-45E9-815E-B962EFC68445} = {7B584487-8E0A-4550-8A47-3C208E525901}
		{147C55F9-6564-4214-AAF0-1EA56AA524CB} = {7B584487-8E0A-4550-8A47-3C208E525901}
		{5637BB0D-8E16-4570-9FCD-985B0030808D} = {7B584487-8E0A-4550-8A47-3C208E525901}
		{47DD9AE1-8A05-454E-BA7B-3CEAB69B6258} = {7B584487-8E0A-4550-8A47-3C208E525901}
		{DE8C9F07-E15A-4BBF-B5F1-529373C6B904} = {7B584487-8E0A-4550-8A47-3C208E525901}
		{977EDD3E-67C1-47AB-BD20-1D561A4E0643} = {7B584487-8E0A-4550-8A47-3C208E525901}
		{76FFD2A7-D5F9-4524-9682-20EBAFA7805F} = {5FDB2BFD-D010-4FF9-8F67-EE13CC71BF1F}
		{D89A7A93-D0AA-4076-B572-6BA063AF9414} = {5FDB2BFD-D010-4FF9-8F67-EE13CC71BF1F}
		{E5CD8DBC-5C5F-439A-8394-624A74A3D71D} = {5FDB2BFD-D010-4FF9-8F67-EE13CC71BF1F}
		{10B32E69-B776-41B1-BB58-C626FD4C884A} = {5FDB2BFD-D010-4FF9-8F67-EE13CC71BF1F}
		{2CAA6CEC-C918-4D7B-A72C-D527A3889B32} = {7B584487-8E0A-4550-8A47-3C208E525901}
		{9317C06B-8006-4F13-9285-5681172BD6B0} = {7B584487-8E0A-4550-8A47-3C208E525901}
		{A67DF650-4229-4B29-8136-D02CD607B64E} = {5FDB2BFD-D010-4FF9-8F67-EE13CC71BF1F}
		{95DB506B-77BD-4987-9D9D-F3D3163F4418} = {7B584487-8E0A-4550-8A47-3C208E525901}
		{B42A03B5-9E67-4459-9E2C-1BC7930AD902} = {5FDB2BFD-D010-4FF9-8F67-EE13CC71BF1F}
		{66F1B82E-B22A-4001-9A8E-1D9889F1CDF9} = {7B584487-8E0A-4550-8A47-3C208E525901}
		{0CC74E0B-A226-4030-9ADA-57C164F5C31A} = {7B584487-8E0A-4550-8A47-3C208E525901}
		{0777AA1B-93E1-4080-AF0A-C5EC4E5438D6} = {7B584487-8E0A-4550-8A47-3C208E525901}
		{DFB58DB8-C908-4588-9EA9-6948E3883BF9} = {7B584487-8E0A-4550-8A47-3C208E525901}
		{622D4A43-C010-4C17-AB7F-958237F1F3DF} = {7B584487-8E0A-4550-8A47-3C208E525901}
		{B60AC567-3B68-423E-8EBD-CA8A664371F3} = {7B584487-8E0A-4550-8A47-3C208E525901}
		{2FAA3B32-B328-49F2-AA6B-4BD1DED6637D} = {7B584487-8E0A-4550-8A47-3C208E525901}
	EndGlobalSection
	GlobalSection(ExtensibilityGlobals) = postSolution
		SolutionGuid = {E68A62AD-36D5-4230-8174-8D3722A3805A}
	EndGlobalSection
EndGlobal
